{
  "version": 4,
  "terraform_version": "1.2.2",
  "serial": 1,
  "lineage": "00b6d822-d75d-430d-0dec-c01771130a1c",
  "outputs": {},
  "resources": [
    {
      "mode": "managed",
      "type": "azurerm_windows_virtual_machine",
      "name": "res-0",
      "provider": "provider[\"registry.terraform.io/hashicorp/azurerm\"]",
      "instances": [
        {
          "schema_version": 0,
          "attributes": {
            "additional_capabilities": [],
            "additional_unattend_content": [],
            "admin_password": "ignored-as-imported",
            "admin_username": "acebaipho",
            "allow_extension_operations": true,
            "availability_set_id": "",
            "boot_diagnostics": [
              {
                "storage_account_uri": ""
              }
            ],
            "capacity_reservation_group_id": "",
            "computer_name": "dxautoxseavm1pr",
            "custom_data": null,
            "dedicated_host_group_id": "",
            "dedicated_host_id": "",
            "edge_zone": "",
            "enable_automatic_updates": true,
            "encryption_at_host_enabled": false,
            "eviction_policy": "",
            "extensions_time_budget": "PT1H30M",
            "hotpatching_enabled": false,
            "id": "/subscriptions/c01d5c26-e57b-44e0-9d24-2a0e02ae4ecb/resourceGroups/RG-SEA-DATAX-AUTOX-PRP-DP-01/providers/Microsoft.Compute/virtualMachines/dxautoxseavm1prp",
            "identity": [],
            "license_type": "",
            "location": "southeastasia",
            "max_bid_price": -1,
            "name": "dxautoxseavm1prp",
            "network_interface_ids": [
              "/subscriptions/c01d5c26-e57b-44e0-9d24-2a0e02ae4ecb/resourceGroups/RG-SEA-DATAX-AUTOX-PRP-DP-01/providers/Microsoft.Network/networkInterfaces/dxautoxseavm1prp296"
            ],
            "os_disk": [
              {
                "caching": "ReadWrite",
                "diff_disk_settings": [],
                "disk_encryption_set_id": "",
                "disk_size_gb": 127,
                "name": "dxautoxseavm1prp_OsDisk_1_257d6d82f58447f39147c207eee75ea6",
                "secure_vm_disk_encryption_set_id": "",
                "security_encryption_type": "",
                "storage_account_type": "Premium_LRS",
                "write_accelerator_enabled": false
              }
            ],
            "patch_mode": "AutomaticByOS",
            "plan": [],
            "platform_fault_domain": -1,
            "priority": "Regular",
            "private_ip_address": "10.234.79.196",
            "private_ip_addresses": [
              "10.234.79.196"
            ],
            "provision_vm_agent": true,
            "proximity_placement_group_id": "",
            "public_ip_address": "",
            "public_ip_addresses": [],
            "resource_group_name": "RG-SEA-DATAX-AUTOX-PRP-DP-01",
            "secret": [],
            "secure_boot_enabled": false,
            "size": "Standard_E2ds_v4",
            "source_image_id": "",
            "source_image_reference": [
              {
                "offer": "WindowsServer",
                "publisher": "MicrosoftWindowsServer",
                "sku": "2016-datacenter-gensecond",
                "version": "latest"
              }
            ],
            "tags": {
              "AdminName": "noppanut.phetponpun@scb.co.th",
              "AppName": "IR",
              "application": "AutoX"
            },
            "termination_notification": [],
            "timeouts": {
              "create": null,
              "delete": null,
              "read": null,
              "update": null
            },
            "timezone": "",
            "user_data": "",
            "virtual_machine_id": "baefd27a-443e-40a4-b212-e3e050626d76",
            "virtual_machine_scale_set_id": "",
            "vtpm_enabled": false,
            "winrm_listener": [],
            "zone": ""
          },
          "sensitive_attributes": [],
          "private": "eyJlMmJmYjczMC1lY2FhLTExZTYtOGY4OC0zNDM2M2JjN2M0YzAiOnsiY3JlYXRlIjoyNzAwMDAwMDAwMDAwLCJkZWxldGUiOjI3MDAwMDAwMDAwMDAsInJlYWQiOjMwMDAwMDAwMDAwMCwidXBkYXRlIjoyNzAwMDAwMDAwMDAwfSwic2NoZW1hX3ZlcnNpb24iOiIwIn0="
        }
      ]
    }
  ]
}
