{
  "version": 4,
  "terraform_version": "1.2.2",
  "serial": 1,
  "lineage": "2b762b45-efc9-e3a1-0a58-f1a099441d27",
  "outputs": {},
  "resources": [
    {
      "mode": "managed",
      "type": "azurerm_recovery_services_vault",
      "name": "res-0",
      "provider": "provider[\"registry.terraform.io/hashicorp/azurerm\"]",
      "instances": [
        {
          "schema_version": 0,
          "attributes": {
            "cross_region_restore_enabled": false,
            "encryption": [],
            "id": "/subscriptions/c01d5c26-e57b-44e0-9d24-2a0e02ae4ecb/resourceGroups/RG-SEA-DATAX-AUTOX-PRP-DP-01/providers/Microsoft.RecoveryServices/vaults/vault612",
            "identity": [],
            "location": "southeastasia",
            "name": "vault612",
            "resource_group_name": "RG-SEA-DATAX-AUTOX-PRP-DP-01",
            "sku": "RS0",
            "soft_delete_enabled": true,
            "storage_mode_type": "GeoRedundant",
            "tags": {},
            "timeouts": {
              "create": null,
              "delete": null,
              "read": null,
              "update": null
            }
          },
          "sensitive_attributes": [],
          "private": "eyJlMmJmYjczMC1lY2FhLTExZTYtOGY4OC0zNDM2M2JjN2M0YzAiOnsiY3JlYXRlIjoxODAwMDAwMDAwMDAwLCJkZWxldGUiOjE4MDAwMDAwMDAwMDAsInJlYWQiOjMwMDAwMDAwMDAwMCwidXBkYXRlIjoxODAwMDAwMDAwMDAwfSwic2NoZW1hX3ZlcnNpb24iOiIwIn0="
        }
      ]
    }
  ]
}
