{
  "version": 4,
  "terraform_version": "1.2.2",
  "serial": 1,
  "lineage": "d9b7a9fb-ca9f-f90d-f4fc-e3f3cc84f9e8",
  "outputs": {},
  "resources": [
    {
      "mode": "managed",
      "type": "azurerm_route",
      "name": "res-0",
      "provider": "provider[\"registry.terraform.io/hashicorp/azurerm\"]",
      "instances": [
        {
          "schema_version": 0,
          "attributes": {
            "address_prefix": "40.78.234.0/32",
            "id": "/subscriptions/c01d5c26-e57b-44e0-9d24-2a0e02ae4ecb/resourceGroups/RG-SEA-DATAX-AUTOX-PRP-DP-01/providers/Microsoft.Network/routeTables/UDR-DEFAULT-DATAX-AUTOX-SN-PRP-01-Databricks-whitelist-storage/routes/prod-southeastasia-observabilityeventhubs.servicebus.windows.net",
            "name": "prod-southeastasia-observabilityeventhubs.servicebus.windows.net",
            "next_hop_in_ip_address": "",
            "next_hop_type": "Internet",
            "resource_group_name": "RG-SEA-DATAX-AUTOX-PRP-DP-01",
            "route_table_name": "UDR-DEFAULT-DATAX-AUTOX-SN-PRP-01-Databricks-whitelist-storage",
            "timeouts": {
              "create": null,
              "delete": null,
              "read": null,
              "update": null
            }
          },
          "sensitive_attributes": [],
          "private": "eyJlMmJmYjczMC1lY2FhLTExZTYtOGY4OC0zNDM2M2JjN2M0YzAiOnsiY3JlYXRlIjoxODAwMDAwMDAwMDAwLCJkZWxldGUiOjE4MDAwMDAwMDAwMDAsInJlYWQiOjMwMDAwMDAwMDAwMCwidXBkYXRlIjoxODAwMDAwMDAwMDAwfSwic2NoZW1hX3ZlcnNpb24iOiIwIn0="
        }
      ]
    }
  ]
}
